
Microsoft Visual Studio Solution File, Format Version 12.00
# Visual Studio Version 17
VisualStudioVersion = 17.1.31903.286
MinimumVisualStudioVersion = 10.0.40219.1
Project("{9A19103F-16F7-4668-BE54-9A1E7A4F7556}") = "DynamicAlert", "DynamicAlert\DynamicAlert.csproj", "{BDC67A19-886D-4CBF-AB8C-A10169D52BED}"
EndProject
Global
	GlobalSection(SolutionConfigurationPlatforms) = preSolution
		Debug|Any CPU = Debug|Any CPU
		Release|Any CPU = Release|Any CPU
	EndGlobalSection
	GlobalSection(ProjectConfigurationPlatforms) = postSolution
		{BDC67A19-886D-4CBF-AB8C-A10169D52BED}.Debug|Any CPU.ActiveCfg = Debug|Any CPU
		{BDC67A19-886D-4CBF-AB8C-A10169D52BED}.Debug|Any CPU.Build.0 = Debug|Any CPU
		{BDC67A19-886D-4CBF-AB8C-A10169D52BED}.Release|Any CPU.ActiveCfg = Release|Any CPU
		{BDC67A19-886D-4CBF-AB8C-A10169D52BED}.Release|Any CPU.Build.0 = Release|Any CPU
	EndGlobalSection
	GlobalSection(SolutionProperties) = preSolution
		HideSolutionNode = FALSE
	EndGlobalSection
	GlobalSection(ExtensibilityGlobals) = postSolution
		SolutionGuid = {B8A70B84-2BF3-4623-A8AE-C0B708F5D023}
	EndGlobalSection
EndGlobal
