
Microsoft Visual Studio Solution File, Format Version 12.00
# Visual Studio Version 17
VisualStudioVersion = 17.4.33110.190
MinimumVisualStudioVersion = 10.0.40219.1
Project("{9A19103F-16F7-4668-BE54-9A1E7A4F7556}") = "Plugin.DynamicAlert", "Plugin.DynamicAlert\Plugin.DynamicAlert.csproj", "{D92D0B13-61A0-43D1-BFE3-B9768533A895}"
EndProject
Global
	GlobalSection(SolutionConfigurationPlatforms) = preSolution
		Debug|Any CPU = Debug|Any CPU
		Release|Any CPU = Release|Any CPU
	EndGlobalSection
	GlobalSection(ProjectConfigurationPlatforms) = postSolution
		{D92D0B13-61A0-43D1-BFE3-B9768533A895}.Debug|Any CPU.ActiveCfg = Debug|Any CPU
		{D92D0B13-61A0-43D1-BFE3-B9768533A895}.Debug|Any CPU.Build.0 = Debug|Any CPU
		{D92D0B13-61A0-43D1-BFE3-B9768533A895}.Release|Any CPU.ActiveCfg = Release|Any CPU
		{D92D0B13-61A0-43D1-BFE3-B9768533A895}.Release|Any CPU.Build.0 = Release|Any CPU
	EndGlobalSection
	GlobalSection(SolutionProperties) = preSolution
		HideSolutionNode = FALSE
	EndGlobalSection
	GlobalSection(ExtensibilityGlobals) = postSolution
		SolutionGuid = {A7F22E25-944F-4169-9292-96FFC6E37A7F}
	EndGlobalSection
EndGlobal
